// !$*UTF8*$!
{
	archiveVersion = 1;
	classes = {
	};
	objectVersion = 50;
	objects = {

/* Begin PBXBuildFile section */
		37E25E91C632DDFACF23A878 /* Pods_stockSentiments.framework in Frameworks */ = {isa = PBXBuildFile; fileRef = 8E4D126A5A3E898486DB3518 /* Pods_stockSentiments.framework */; };
		6A25C3795B24480F6C597DDB /* Pods_stockSentimentsTests.framework in Frameworks */ = {isa = PBXBuildFile; fileRef = 057C0A9FFF53DE3334C812C3 /* Pods_stockSentimentsTests.framework */; };
		861A274B26D9BA189B853AC3 /* Pods_stockSentiments_stockSentimentsUITests.framework in Frameworks */ = {isa = PBXBuildFile; fileRef = E67BE4269445E78FFFAE75BD /* Pods_stockSentiments_stockSentimentsUITests.framework */; };
		8D40675025434492002760B1 /* Watchlist.storyboard in Resources */ = {isa = PBXBuildFile; fileRef = 8D40674F25434492002760B1 /* Watchlist.storyboard */; };
		8D406758254344A3002760B1 /* Search.storyboard in Resources */ = {isa = PBXBuildFile; fileRef = 8D406757254344A3002760B1 /* Search.storyboard */; };
		8D40675D254344EA002760B1 /* Sentiment.storyboard in Resources */ = {isa = PBXBuildFile; fileRef = 8D40675C254344EA002760B1 /* Sentiment.storyboard */; };
		8D40676325434501002760B1 /* Settings.storyboard in Resources */ = {isa = PBXBuildFile; fileRef = 8D40676225434501002760B1 /* Settings.storyboard */; };
		8D4067682543455F002760B1 /* Subscribe.storyboard in Resources */ = {isa = PBXBuildFile; fileRef = 8D4067672543455F002760B1 /* Subscribe.storyboard */; };
		8D71A39A254529B100F1B7EC /* Watchlist.swift in Sources */ = {isa = PBXBuildFile; fileRef = 8D71A399254529B100F1B7EC /* Watchlist.swift */; };
		8D71A39F254529C700F1B7EC /* User.swift in Sources */ = {isa = PBXBuildFile; fileRef = 8D71A39E254529C700F1B7EC /* User.swift */; };
		8D71A3A4254530AD00F1B7EC /* GetTickers.swift in Sources */ = {isa = PBXBuildFile; fileRef = 8D71A3A3254530AD00F1B7EC /* GetTickers.swift */; };
		8D71A3A92545446200F1B7EC /* SupportedTickers.swift in Sources */ = {isa = PBXBuildFile; fileRef = 8D71A3A82545446200F1B7EC /* SupportedTickers.swift */; };
		8D7517232545F7A30017D8CD /* WatchlistCell.swift in Sources */ = {isa = PBXBuildFile; fileRef = 8D7517202545F7A30017D8CD /* WatchlistCell.swift */; };
		8D7517242545F7A30017D8CD /* Ticker.swift in Sources */ = {isa = PBXBuildFile; fileRef = 8D7517212545F7A30017D8CD /* Ticker.swift */; };
		8D7517252545F7A30017D8CD /* SearchCell.swift in Sources */ = {isa = PBXBuildFile; fileRef = 8D7517222545F7A30017D8CD /* SearchCell.swift */; };
		8D751731254604710017D8CD /* Requests.swift in Sources */ = {isa = PBXBuildFile; fileRef = 8D751730254604710017D8CD /* Requests.swift */; };
		8D75174E2546287D0017D8CD /* SearchResult.swift in Sources */ = {isa = PBXBuildFile; fileRef = 8D75174D2546287D0017D8CD /* SearchResult.swift */; };
		8D7E2FB92547C42200F98B4A /* SentimentLabel.swift in Sources */ = {isa = PBXBuildFile; fileRef = 8D7E2FB82547C42200F98B4A /* SentimentLabel.swift */; };
		8D7EDB83254347CA00A59F10 /* LaunchScreenVC.swift in Sources */ = {isa = PBXBuildFile; fileRef = 8D7EDB82254347CA00A59F10 /* LaunchScreenVC.swift */; };
		8D7EDB882543480600A59F10 /* WatchlistVC.swift in Sources */ = {isa = PBXBuildFile; fileRef = 8D7EDB872543480600A59F10 /* WatchlistVC.swift */; };
		8D7EDB8D2543481300A59F10 /* SearchVC.swift in Sources */ = {isa = PBXBuildFile; fileRef = 8D7EDB8C2543481300A59F10 /* SearchVC.swift */; };
		8D7EDB922543481C00A59F10 /* SentimentVC.swift in Sources */ = {isa = PBXBuildFile; fileRef = 8D7EDB912543481C00A59F10 /* SentimentVC.swift */; };
		8D7EDB972543482600A59F10 /* SettingsVC.swift in Sources */ = {isa = PBXBuildFile; fileRef = 8D7EDB962543482600A59F10 /* SettingsVC.swift */; };
		8D7EDB9C2543483200A59F10 /* SubscribeVC.swift in Sources */ = {isa = PBXBuildFile; fileRef = 8D7EDB9B2543483200A59F10 /* SubscribeVC.swift */; };
		8D87D75F2547D4A000837DC1 /* RequestUnsubscribe.swift in Sources */ = {isa = PBXBuildFile; fileRef = 8D87D75D2547D4A000837DC1 /* RequestUnsubscribe.swift */; };
		8D87D7602547D4A000837DC1 /* RequestSubscribe.swift in Sources */ = {isa = PBXBuildFile; fileRef = 8D87D75E2547D4A000837DC1 /* RequestSubscribe.swift */; };
		8D87D76B2547E66A00837DC1 /* TabBarController.swift in Sources */ = {isa = PBXBuildFile; fileRef = 8D87D76A2547E66A00837DC1 /* TabBarController.swift */; };
		8DE16D2F2534B4D300D5FBB8 /* AppDelegate.swift in Sources */ = {isa = PBXBuildFile; fileRef = 8DE16D2E2534B4D300D5FBB8 /* AppDelegate.swift */; };
		8DE16D312534B4D300D5FBB8 /* SceneDelegate.swift in Sources */ = {isa = PBXBuildFile; fileRef = 8DE16D302534B4D300D5FBB8 /* SceneDelegate.swift */; };
		8DE16D332534B4D300D5FBB8 /* MainVC.swift in Sources */ = {isa = PBXBuildFile; fileRef = 8DE16D322534B4D300D5FBB8 /* MainVC.swift */; };
		8DE16D362534B4D300D5FBB8 /* Main.storyboard in Resources */ = {isa = PBXBuildFile; fileRef = 8DE16D342534B4D300D5FBB8 /* Main.storyboard */; };
		8DE16D382534B4D600D5FBB8 /* Assets.xcassets in Resources */ = {isa = PBXBuildFile; fileRef = 8DE16D372534B4D600D5FBB8 /* Assets.xcassets */; };
		8DE16D3B2534B4D600D5FBB8 /* LaunchScreen.storyboard in Resources */ = {isa = PBXBuildFile; fileRef = 8DE16D392534B4D600D5FBB8 /* LaunchScreen.storyboard */; };
		8DE16D462534B4D700D5FBB8 /* stockSentimentsTests.swift in Sources */ = {isa = PBXBuildFile; fileRef = 8DE16D452534B4D700D5FBB8 /* stockSentimentsTests.swift */; };
		8DE16D512534B4D700D5FBB8 /* stockSentimentsUITests.swift in Sources */ = {isa = PBXBuildFile; fileRef = 8DE16D502534B4D700D5FBB8 /* stockSentimentsUITests.swift */; };
		8DE7582C254643C70083993F /* GetWatchlist.swift in Sources */ = {isa = PBXBuildFile; fileRef = 8DE7582B254643C70083993F /* GetWatchlist.swift */; };
/* End PBXBuildFile section */

/* Begin PBXContainerItemProxy section */
		8DE16D422534B4D700D5FBB8 /* PBXContainerItemProxy */ = {
			isa = PBXContainerItemProxy;
			containerPortal = 8DE16D232534B4D300D5FBB8 /* Project object */;
			proxyType = 1;
			remoteGlobalIDString = 8DE16D2A2534B4D300D5FBB8;
			remoteInfo = stockSentiments;
		};
		8DE16D4D2534B4D700D5FBB8 /* PBXContainerItemProxy */ = {
			isa = PBXContainerItemProxy;
			containerPortal = 8DE16D232534B4D300D5FBB8 /* Project object */;
			proxyType = 1;
			remoteGlobalIDString = 8DE16D2A2534B4D300D5FBB8;
			remoteInfo = stockSentiments;
		};
/* End PBXContainerItemProxy section */

/* Begin PBXFileReference section */
		057C0A9FFF53DE3334C812C3 /* Pods_stockSentimentsTests.framework */ = {isa = PBXFileReference; explicitFileType = wrapper.framework; includeInIndex = 0; path = Pods_stockSentimentsTests.framework; sourceTree = BUILT_PRODUCTS_DIR; };
		277C5339D0FD19D17C2C9ED5 /* Pods-stockSentiments-stockSentimentsUITests.debug.xcconfig */ = {isa = PBXFileReference; includeInIndex = 1; lastKnownFileType = text.xcconfig; name = "Pods-stockSentiments-stockSentimentsUITests.debug.xcconfig"; path = "Target Support Files/Pods-stockSentiments-stockSentimentsUITests/Pods-stockSentiments-stockSentimentsUITests.debug.xcconfig"; sourceTree = "<group>"; };
		71C3FDD175688FA8F335635A /* Pods-stockSentiments.debug.xcconfig */ = {isa = PBXFileReference; includeInIndex = 1; lastKnownFileType = text.xcconfig; name = "Pods-stockSentiments.debug.xcconfig"; path = "Target Support Files/Pods-stockSentiments/Pods-stockSentiments.debug.xcconfig"; sourceTree = "<group>"; };
		8D1FA7312E6BD2B1FD932D2B /* Pods-stockSentimentsTests.debug.xcconfig */ = {isa = PBXFileReference; includeInIndex = 1; lastKnownFileType = text.xcconfig; name = "Pods-stockSentimentsTests.debug.xcconfig"; path = "Target Support Files/Pods-stockSentimentsTests/Pods-stockSentimentsTests.debug.xcconfig"; sourceTree = "<group>"; };
		8D40674F25434492002760B1 /* Watchlist.storyboard */ = {isa = PBXFileReference; lastKnownFileType = file.storyboard; path = Watchlist.storyboard; sourceTree = "<group>"; };
		8D406757254344A3002760B1 /* Search.storyboard */ = {isa = PBXFileReference; lastKnownFileType = file.storyboard; path = Search.storyboard; sourceTree = "<group>"; };
		8D40675C254344EA002760B1 /* Sentiment.storyboard */ = {isa = PBXFileReference; lastKnownFileType = file.storyboard; path = Sentiment.storyboard; sourceTree = "<group>"; };
		8D40676225434501002760B1 /* Settings.storyboard */ = {isa = PBXFileReference; lastKnownFileType = file.storyboard; path = Settings.storyboard; sourceTree = "<group>"; };
		8D4067672543455F002760B1 /* Subscribe.storyboard */ = {isa = PBXFileReference; lastKnownFileType = file.storyboard; path = Subscribe.storyboard; sourceTree = "<group>"; };
		8D71A399254529B100F1B7EC /* Watchlist.swift */ = {isa = PBXFileReference; lastKnownFileType = sourcecode.swift; path = Watchlist.swift; sourceTree = "<group>"; };
		8D71A39E254529C700F1B7EC /* User.swift */ = {isa = PBXFileReference; lastKnownFileType = sourcecode.swift; path = User.swift; sourceTree = "<group>"; };
		8D71A3A3254530AD00F1B7EC /* GetTickers.swift */ = {isa = PBXFileReference; lastKnownFileType = sourcecode.swift; path = GetTickers.swift; sourceTree = "<group>"; };
		8D71A3A82545446200F1B7EC /* SupportedTickers.swift */ = {isa = PBXFileReference; lastKnownFileType = sourcecode.swift; path = SupportedTickers.swift; sourceTree = "<group>"; };
		8D7517202545F7A30017D8CD /* WatchlistCell.swift */ = {isa = PBXFileReference; fileEncoding = 4; lastKnownFileType = sourcecode.swift; path = WatchlistCell.swift; sourceTree = "<group>"; };
		8D7517212545F7A30017D8CD /* Ticker.swift */ = {isa = PBXFileReference; fileEncoding = 4; lastKnownFileType = sourcecode.swift; path = Ticker.swift; sourceTree = "<group>"; };
		8D7517222545F7A30017D8CD /* SearchCell.swift */ = {isa = PBXFileReference; fileEncoding = 4; lastKnownFileType = sourcecode.swift; path = SearchCell.swift; sourceTree = "<group>"; };
		8D751730254604710017D8CD /* Requests.swift */ = {isa = PBXFileReference; lastKnownFileType = sourcecode.swift; path = Requests.swift; sourceTree = "<group>"; };
		8D75174D2546287D0017D8CD /* SearchResult.swift */ = {isa = PBXFileReference; lastKnownFileType = sourcecode.swift; path = SearchResult.swift; sourceTree = "<group>"; };
		8D7E2FB82547C42200F98B4A /* SentimentLabel.swift */ = {isa = PBXFileReference; lastKnownFileType = sourcecode.swift; path = SentimentLabel.swift; sourceTree = "<group>"; };
		8D7EDB82254347CA00A59F10 /* LaunchScreenVC.swift */ = {isa = PBXFileReference; lastKnownFileType = sourcecode.swift; path = LaunchScreenVC.swift; sourceTree = "<group>"; };
		8D7EDB872543480600A59F10 /* WatchlistVC.swift */ = {isa = PBXFileReference; lastKnownFileType = sourcecode.swift; path = WatchlistVC.swift; sourceTree = "<group>"; };
		8D7EDB8C2543481300A59F10 /* SearchVC.swift */ = {isa = PBXFileReference; lastKnownFileType = sourcecode.swift; path = SearchVC.swift; sourceTree = "<group>"; };
		8D7EDB912543481C00A59F10 /* SentimentVC.swift */ = {isa = PBXFileReference; lastKnownFileType = sourcecode.swift; path = SentimentVC.swift; sourceTree = "<group>"; };
		8D7EDB962543482600A59F10 /* SettingsVC.swift */ = {isa = PBXFileReference; lastKnownFileType = sourcecode.swift; path = SettingsVC.swift; sourceTree = "<group>"; };
		8D7EDB9B2543483200A59F10 /* SubscribeVC.swift */ = {isa = PBXFileReference; lastKnownFileType = sourcecode.swift; path = SubscribeVC.swift; sourceTree = "<group>"; };
		8D87D75D2547D4A000837DC1 /* RequestUnsubscribe.swift */ = {isa = PBXFileReference; fileEncoding = 4; lastKnownFileType = sourcecode.swift; path = RequestUnsubscribe.swift; sourceTree = "<group>"; };
		8D87D75E2547D4A000837DC1 /* RequestSubscribe.swift */ = {isa = PBXFileReference; fileEncoding = 4; lastKnownFileType = sourcecode.swift; path = RequestSubscribe.swift; sourceTree = "<group>"; };
		8D87D76A2547E66A00837DC1 /* TabBarController.swift */ = {isa = PBXFileReference; lastKnownFileType = sourcecode.swift; path = TabBarController.swift; sourceTree = "<group>"; };
		8DE16D2B2534B4D300D5FBB8 /* stockSentiments.app */ = {isa = PBXFileReference; explicitFileType = wrapper.application; includeInIndex = 0; path = stockSentiments.app; sourceTree = BUILT_PRODUCTS_DIR; };
		8DE16D2E2534B4D300D5FBB8 /* AppDelegate.swift */ = {isa = PBXFileReference; lastKnownFileType = sourcecode.swift; path = AppDelegate.swift; sourceTree = "<group>"; };
		8DE16D302534B4D300D5FBB8 /* SceneDelegate.swift */ = {isa = PBXFileReference; lastKnownFileType = sourcecode.swift; path = SceneDelegate.swift; sourceTree = "<group>"; };
		8DE16D322534B4D300D5FBB8 /* MainVC.swift */ = {isa = PBXFileReference; lastKnownFileType = sourcecode.swift; path = MainVC.swift; sourceTree = "<group>"; };
		8DE16D352534B4D300D5FBB8 /* Base */ = {isa = PBXFileReference; lastKnownFileType = file.storyboard; name = Base; path = Base.lproj/Main.storyboard; sourceTree = "<group>"; };
		8DE16D372534B4D600D5FBB8 /* Assets.xcassets */ = {isa = PBXFileReference; lastKnownFileType = folder.assetcatalog; path = Assets.xcassets; sourceTree = "<group>"; };
		8DE16D3A2534B4D600D5FBB8 /* Base */ = {isa = PBXFileReference; lastKnownFileType = file.storyboard; name = Base; path = Base.lproj/LaunchScreen.storyboard; sourceTree = "<group>"; };
		8DE16D3C2534B4D600D5FBB8 /* Info.plist */ = {isa = PBXFileReference; lastKnownFileType = text.plist.xml; path = Info.plist; sourceTree = "<group>"; };
		8DE16D412534B4D700D5FBB8 /* stockSentimentsTests.xctest */ = {isa = PBXFileReference; explicitFileType = wrapper.cfbundle; includeInIndex = 0; path = stockSentimentsTests.xctest; sourceTree = BUILT_PRODUCTS_DIR; };
		8DE16D452534B4D700D5FBB8 /* stockSentimentsTests.swift */ = {isa = PBXFileReference; lastKnownFileType = sourcecode.swift; path = stockSentimentsTests.swift; sourceTree = "<group>"; };
		8DE16D472534B4D700D5FBB8 /* Info.plist */ = {isa = PBXFileReference; lastKnownFileType = text.plist.xml; path = Info.plist; sourceTree = "<group>"; };
		8DE16D4C2534B4D700D5FBB8 /* stockSentimentsUITests.xctest */ = {isa = PBXFileReference; explicitFileType = wrapper.cfbundle; includeInIndex = 0; path = stockSentimentsUITests.xctest; sourceTree = BUILT_PRODUCTS_DIR; };
		8DE16D502534B4D700D5FBB8 /* stockSentimentsUITests.swift */ = {isa = PBXFileReference; lastKnownFileType = sourcecode.swift; path = stockSentimentsUITests.swift; sourceTree = "<group>"; };
		8DE16D522534B4D700D5FBB8 /* Info.plist */ = {isa = PBXFileReference; lastKnownFileType = text.plist.xml; path = Info.plist; sourceTree = "<group>"; };
		8DE7582B254643C70083993F /* GetWatchlist.swift */ = {isa = PBXFileReference; lastKnownFileType = sourcecode.swift; path = GetWatchlist.swift; sourceTree = "<group>"; };
		8E4D126A5A3E898486DB3518 /* Pods_stockSentiments.framework */ = {isa = PBXFileReference; explicitFileType = wrapper.framework; includeInIndex = 0; path = Pods_stockSentiments.framework; sourceTree = BUILT_PRODUCTS_DIR; };
		96BC1A62037218FD57DA028F /* Pods-stockSentiments-stockSentimentsUITests.release.xcconfig */ = {isa = PBXFileReference; includeInIndex = 1; lastKnownFileType = text.xcconfig; name = "Pods-stockSentiments-stockSentimentsUITests.release.xcconfig"; path = "Target Support Files/Pods-stockSentiments-stockSentimentsUITests/Pods-stockSentiments-stockSentimentsUITests.release.xcconfig"; sourceTree = "<group>"; };
		C9C6198252DE5BA5CF4D2E83 /* Pods-stockSentimentsTests.release.xcconfig */ = {isa = PBXFileReference; includeInIndex = 1; lastKnownFileType = text.xcconfig; name = "Pods-stockSentimentsTests.release.xcconfig"; path = "Target Support Files/Pods-stockSentimentsTests/Pods-stockSentimentsTests.release.xcconfig"; sourceTree = "<group>"; };
		E67BE4269445E78FFFAE75BD /* Pods_stockSentiments_stockSentimentsUITests.framework */ = {isa = PBXFileReference; explicitFileType = wrapper.framework; includeInIndex = 0; path = Pods_stockSentiments_stockSentimentsUITests.framework; sourceTree = BUILT_PRODUCTS_DIR; };
		F9C9F2504E0BD616C060F241 /* Pods-stockSentiments.release.xcconfig */ = {isa = PBXFileReference; includeInIndex = 1; lastKnownFileType = text.xcconfig; name = "Pods-stockSentiments.release.xcconfig"; path = "Target Support Files/Pods-stockSentiments/Pods-stockSentiments.release.xcconfig"; sourceTree = "<group>"; };
/* End PBXFileReference section */

/* Begin PBXFrameworksBuildPhase section */
		8DE16D282534B4D300D5FBB8 /* Frameworks */ = {
			isa = PBXFrameworksBuildPhase;
			buildActionMask = 2147483647;
			files = (
				37E25E91C632DDFACF23A878 /* Pods_stockSentiments.framework in Frameworks */,
			);
			runOnlyForDeploymentPostprocessing = 0;
		};
		8DE16D3E2534B4D700D5FBB8 /* Frameworks */ = {
			isa = PBXFrameworksBuildPhase;
			buildActionMask = 2147483647;
			files = (
				6A25C3795B24480F6C597DDB /* Pods_stockSentimentsTests.framework in Frameworks */,
			);
			runOnlyForDeploymentPostprocessing = 0;
		};
		8DE16D492534B4D700D5FBB8 /* Frameworks */ = {
			isa = PBXFrameworksBuildPhase;
			buildActionMask = 2147483647;
			files = (
				861A274B26D9BA189B853AC3 /* Pods_stockSentiments_stockSentimentsUITests.framework in Frameworks */,
			);
			runOnlyForDeploymentPostprocessing = 0;
		};
/* End PBXFrameworksBuildPhase section */

/* Begin PBXGroup section */
		155AEFB38599CC776DD4335E /* Frameworks */ = {
			isa = PBXGroup;
			children = (
				8E4D126A5A3E898486DB3518 /* Pods_stockSentiments.framework */,
				E67BE4269445E78FFFAE75BD /* Pods_stockSentiments_stockSentimentsUITests.framework */,
				057C0A9FFF53DE3334C812C3 /* Pods_stockSentimentsTests.framework */,
			);
			name = Frameworks;
			sourceTree = "<group>";
		};
		210D751764986694CC309D87 /* Pods */ = {
			isa = PBXGroup;
			children = (
				71C3FDD175688FA8F335635A /* Pods-stockSentiments.debug.xcconfig */,
				F9C9F2504E0BD616C060F241 /* Pods-stockSentiments.release.xcconfig */,
				277C5339D0FD19D17C2C9ED5 /* Pods-stockSentiments-stockSentimentsUITests.debug.xcconfig */,
				96BC1A62037218FD57DA028F /* Pods-stockSentiments-stockSentimentsUITests.release.xcconfig */,
				8D1FA7312E6BD2B1FD932D2B /* Pods-stockSentimentsTests.debug.xcconfig */,
				C9C6198252DE5BA5CF4D2E83 /* Pods-stockSentimentsTests.release.xcconfig */,
			);
			path = Pods;
			sourceTree = "<group>";
		};
		8D40674E2543444F002760B1 /* Storyboards */ = {
			isa = PBXGroup;
			children = (
				8DE16D342534B4D300D5FBB8 /* Main.storyboard */,
				8DE16D392534B4D600D5FBB8 /* LaunchScreen.storyboard */,
				8D40674F25434492002760B1 /* Watchlist.storyboard */,
				8D406757254344A3002760B1 /* Search.storyboard */,
				8D40675C254344EA002760B1 /* Sentiment.storyboard */,
				8D40676225434501002760B1 /* Settings.storyboard */,
				8D4067672543455F002760B1 /* Subscribe.storyboard */,
			);
			path = Storyboards;
			sourceTree = "<group>";
		};
		8D40676C25434568002760B1 /* Controllers */ = {
			isa = PBXGroup;
			children = (
				8D5E8278254630EE00CC18A5 /* ViewControllers */,
				8D5E82792546310500CC18A5 /* TableViewCellControllers */,
				8D87D76A2547E66A00837DC1 /* TabBarController.swift */,
			);
			path = Controllers;
			sourceTree = "<group>";
		};
		8D5E8278254630EE00CC18A5 /* ViewControllers */ = {
			isa = PBXGroup;
			children = (
				8DE16D322534B4D300D5FBB8 /* MainVC.swift */,
				8D7EDB82254347CA00A59F10 /* LaunchScreenVC.swift */,
				8D7EDB872543480600A59F10 /* WatchlistVC.swift */,
				8D7EDB8C2543481300A59F10 /* SearchVC.swift */,
				8D7EDB912543481C00A59F10 /* SentimentVC.swift */,
				8D7EDB962543482600A59F10 /* SettingsVC.swift */,
				8D7EDB9B2543483200A59F10 /* SubscribeVC.swift */,
			);
			path = ViewControllers;
			sourceTree = "<group>";
		};
		8D5E82792546310500CC18A5 /* TableViewCellControllers */ = {
			isa = PBXGroup;
			children = (
				8D7517222545F7A30017D8CD /* SearchCell.swift */,
				8D7517202545F7A30017D8CD /* WatchlistCell.swift */,
			);
			path = TableViewCellControllers;
			sourceTree = "<group>";
		};
		8D71A3902545297100F1B7EC /* Model */ = {
			isa = PBXGroup;
			children = (
				8D7517212545F7A30017D8CD /* Ticker.swift */,
				8D71A399254529B100F1B7EC /* Watchlist.swift */,
				8D71A39E254529C700F1B7EC /* User.swift */,
				8D71A3A82545446200F1B7EC /* SupportedTickers.swift */,
				8D75174D2546287D0017D8CD /* SearchResult.swift */,
				8D7E2FB82547C42200F98B4A /* SentimentLabel.swift */,
			);
			path = Model;
			sourceTree = "<group>";
		};
		8D75172F254604140017D8CD /* Requests */ = {
			isa = PBXGroup;
			children = (
				8D751730254604710017D8CD /* Requests.swift */,
				8D71A3A3254530AD00F1B7EC /* GetTickers.swift */,
				8D87D75E2547D4A000837DC1 /* RequestSubscribe.swift */,
				8D87D75D2547D4A000837DC1 /* RequestUnsubscribe.swift */,
				8DE7582B254643C70083993F /* GetWatchlist.swift */,
			);
			path = Requests;
			sourceTree = "<group>";
		};
		8DE16D222534B4D300D5FBB8 = {
			isa = PBXGroup;
			children = (
				8DE16D2D2534B4D300D5FBB8 /* stockSentiments */,
				8DE16D442534B4D700D5FBB8 /* stockSentimentsTests */,
				8DE16D4F2534B4D700D5FBB8 /* stockSentimentsUITests */,
				8DE16D2C2534B4D300D5FBB8 /* Products */,
				210D751764986694CC309D87 /* Pods */,
				155AEFB38599CC776DD4335E /* Frameworks */,
			);
			sourceTree = "<group>";
		};
		8DE16D2C2534B4D300D5FBB8 /* Products */ = {
			isa = PBXGroup;
			children = (
				8DE16D2B2534B4D300D5FBB8 /* stockSentiments.app */,
				8DE16D412534B4D700D5FBB8 /* stockSentimentsTests.xctest */,
				8DE16D4C2534B4D700D5FBB8 /* stockSentimentsUITests.xctest */,
			);
			name = Products;
			sourceTree = "<group>";
		};
		8DE16D2D2534B4D300D5FBB8 /* stockSentiments */ = {
			isa = PBXGroup;
			children = (
				8D75172F254604140017D8CD /* Requests */,
				8D71A3902545297100F1B7EC /* Model */,
				8D40676C25434568002760B1 /* Controllers */,
				8D40674E2543444F002760B1 /* Storyboards */,
				8DE16D2E2534B4D300D5FBB8 /* AppDelegate.swift */,
				8DE16D302534B4D300D5FBB8 /* SceneDelegate.swift */,
				8DE16D372534B4D600D5FBB8 /* Assets.xcassets */,
				8DE16D3C2534B4D600D5FBB8 /* Info.plist */,
			);
			path = stockSentiments;
			sourceTree = "<group>";
		};
		8DE16D442534B4D700D5FBB8 /* stockSentimentsTests */ = {
			isa = PBXGroup;
			children = (
				8DE16D452534B4D700D5FBB8 /* stockSentimentsTests.swift */,
				8DE16D472534B4D700D5FBB8 /* Info.plist */,
			);
			path = stockSentimentsTests;
			sourceTree = "<group>";
		};
		8DE16D4F2534B4D700D5FBB8 /* stockSentimentsUITests */ = {
			isa = PBXGroup;
			children = (
				8DE16D502534B4D700D5FBB8 /* stockSentimentsUITests.swift */,
				8DE16D522534B4D700D5FBB8 /* Info.plist */,
			);
			path = stockSentimentsUITests;
			sourceTree = "<group>";
		};
/* End PBXGroup section */

/* Begin PBXNativeTarget section */
		8DE16D2A2534B4D300D5FBB8 /* stockSentiments */ = {
			isa = PBXNativeTarget;
			buildConfigurationList = 8DE16D552534B4D700D5FBB8 /* Build configuration list for PBXNativeTarget "stockSentiments" */;
			buildPhases = (
				2BEDFF30EDDC27709A4BE1E6 /* [CP] Check Pods Manifest.lock */,
				8DE16D272534B4D300D5FBB8 /* Sources */,
				8DE16D282534B4D300D5FBB8 /* Frameworks */,
				8DE16D292534B4D300D5FBB8 /* Resources */,
			);
			buildRules = (
			);
			dependencies = (
			);
			name = stockSentiments;
			productName = stockSentiments;
			productReference = 8DE16D2B2534B4D300D5FBB8 /* stockSentiments.app */;
			productType = "com.apple.product-type.application";
		};
		8DE16D402534B4D700D5FBB8 /* stockSentimentsTests */ = {
			isa = PBXNativeTarget;
			buildConfigurationList = 8DE16D582534B4D700D5FBB8 /* Build configuration list for PBXNativeTarget "stockSentimentsTests" */;
			buildPhases = (
				7EC8F7595BC9618589C918EA /* [CP] Check Pods Manifest.lock */,
				8DE16D3D2534B4D700D5FBB8 /* Sources */,
				8DE16D3E2534B4D700D5FBB8 /* Frameworks */,
				8DE16D3F2534B4D700D5FBB8 /* Resources */,
			);
			buildRules = (
			);
			dependencies = (
				8DE16D432534B4D700D5FBB8 /* PBXTargetDependency */,
			);
			name = stockSentimentsTests;
			productName = stockSentimentsTests;
			productReference = 8DE16D412534B4D700D5FBB8 /* stockSentimentsTests.xctest */;
			productType = "com.apple.product-type.bundle.unit-test";
		};
		8DE16D4B2534B4D700D5FBB8 /* stockSentimentsUITests */ = {
			isa = PBXNativeTarget;
			buildConfigurationList = 8DE16D5B2534B4D700D5FBB8 /* Build configuration list for PBXNativeTarget "stockSentimentsUITests" */;
			buildPhases = (
				A122E1FE3F65108F0A623670 /* [CP] Check Pods Manifest.lock */,
				8DE16D482534B4D700D5FBB8 /* Sources */,
				8DE16D492534B4D700D5FBB8 /* Frameworks */,
				8DE16D4A2534B4D700D5FBB8 /* Resources */,
			);
			buildRules = (
			);
			dependencies = (
				8DE16D4E2534B4D700D5FBB8 /* PBXTargetDependency */,
			);
			name = stockSentimentsUITests;
			productName = stockSentimentsUITests;
			productReference = 8DE16D4C2534B4D700D5FBB8 /* stockSentimentsUITests.xctest */;
			productType = "com.apple.product-type.bundle.ui-testing";
		};
/* End PBXNativeTarget section */

/* Begin PBXProject section */
		8DE16D232534B4D300D5FBB8 /* Project object */ = {
			isa = PBXProject;
			attributes = {
				LastSwiftUpdateCheck = 1200;
				LastUpgradeCheck = 1200;
				TargetAttributes = {
					8DE16D2A2534B4D300D5FBB8 = {
						CreatedOnToolsVersion = 12.0;
					};
					8DE16D402534B4D700D5FBB8 = {
						CreatedOnToolsVersion = 12.0;
						TestTargetID = 8DE16D2A2534B4D300D5FBB8;
					};
					8DE16D4B2534B4D700D5FBB8 = {
						CreatedOnToolsVersion = 12.0;
						TestTargetID = 8DE16D2A2534B4D300D5FBB8;
					};
				};
			};
			buildConfigurationList = 8DE16D262534B4D300D5FBB8 /* Build configuration list for PBXProject "stockSentiments" */;
			compatibilityVersion = "Xcode 9.3";
			developmentRegion = en;
			hasScannedForEncodings = 0;
			knownRegions = (
				en,
				Base,
			);
			mainGroup = 8DE16D222534B4D300D5FBB8;
			productRefGroup = 8DE16D2C2534B4D300D5FBB8 /* Products */;
			projectDirPath = "";
			projectRoot = "";
			targets = (
				8DE16D2A2534B4D300D5FBB8 /* stockSentiments */,
				8DE16D402534B4D700D5FBB8 /* stockSentimentsTests */,
				8DE16D4B2534B4D700D5FBB8 /* stockSentimentsUITests */,
			);
		};
/* End PBXProject section */

/* Begin PBXResourcesBuildPhase section */
		8DE16D292534B4D300D5FBB8 /* Resources */ = {
			isa = PBXResourcesBuildPhase;
			buildActionMask = 2147483647;
			files = (
				8D40675D254344EA002760B1 /* Sentiment.storyboard in Resources */,
				8DE16D3B2534B4D600D5FBB8 /* LaunchScreen.storyboard in Resources */,
				8DE16D382534B4D600D5FBB8 /* Assets.xcassets in Resources */,
				8D40675025434492002760B1 /* Watchlist.storyboard in Resources */,
				8DE16D362534B4D300D5FBB8 /* Main.storyboard in Resources */,
				8D4067682543455F002760B1 /* Subscribe.storyboard in Resources */,
				8D406758254344A3002760B1 /* Search.storyboard in Resources */,
				8D40676325434501002760B1 /* Settings.storyboard in Resources */,
			);
			runOnlyForDeploymentPostprocessing = 0;
		};
		8DE16D3F2534B4D700D5FBB8 /* Resources */ = {
			isa = PBXResourcesBuildPhase;
			buildActionMask = 2147483647;
			files = (
			);
			runOnlyForDeploymentPostprocessing = 0;
		};
		8DE16D4A2534B4D700D5FBB8 /* Resources */ = {
			isa = PBXResourcesBuildPhase;
			buildActionMask = 2147483647;
			files = (
			);
			runOnlyForDeploymentPostprocessing = 0;
		};
/* End PBXResourcesBuildPhase section */

/* Begin PBXShellScriptBuildPhase section */
		2BEDFF30EDDC27709A4BE1E6 /* [CP] Check Pods Manifest.lock */ = {
			isa = PBXShellScriptBuildPhase;
			buildActionMask = 2147483647;
			files = (
			);
			inputFileListPaths = (
			);
			inputPaths = (
				"${PODS_PODFILE_DIR_PATH}/Podfile.lock",
				"${PODS_ROOT}/Manifest.lock",
			);
			name = "[CP] Check Pods Manifest.lock";
			outputFileListPaths = (
			);
			outputPaths = (
				"$(DERIVED_FILE_DIR)/Pods-stockSentiments-checkManifestLockResult.txt",
			);
			runOnlyForDeploymentPostprocessing = 0;
			shellPath = /bin/sh;
			shellScript = "diff \"${PODS_PODFILE_DIR_PATH}/Podfile.lock\" \"${PODS_ROOT}/Manifest.lock\" > /dev/null\nif [ $? != 0 ] ; then\n    # print error to STDERR\n    echo \"error: The sandbox is not in sync with the Podfile.lock. Run 'pod install' or update your CocoaPods installation.\" >&2\n    exit 1\nfi\n# This output is used by Xcode 'outputs' to avoid re-running this script phase.\necho \"SUCCESS\" > \"${SCRIPT_OUTPUT_FILE_0}\"\n";
			showEnvVarsInLog = 0;
		};
		7EC8F7595BC9618589C918EA /* [CP] Check Pods Manifest.lock */ = {
			isa = PBXShellScriptBuildPhase;
			buildActionMask = 2147483647;
			files = (
			);
			inputFileListPaths = (
			);
			inputPaths = (
				"${PODS_PODFILE_DIR_PATH}/Podfile.lock",
				"${PODS_ROOT}/Manifest.lock",
			);
			name = "[CP] Check Pods Manifest.lock";
			outputFileListPaths = (
			);
			outputPaths = (
				"$(DERIVED_FILE_DIR)/Pods-stockSentimentsTests-checkManifestLockResult.txt",
			);
			runOnlyForDeploymentPostprocessing = 0;
			shellPath = /bin/sh;
			shellScript = "diff \"${PODS_PODFILE_DIR_PATH}/Podfile.lock\" \"${PODS_ROOT}/Manifest.lock\" > /dev/null\nif [ $? != 0 ] ; then\n    # print error to STDERR\n    echo \"error: The sandbox is not in sync with the Podfile.lock. Run 'pod install' or update your CocoaPods installation.\" >&2\n    exit 1\nfi\n# This output is used by Xcode 'outputs' to avoid re-running this script phase.\necho \"SUCCESS\" > \"${SCRIPT_OUTPUT_FILE_0}\"\n";
			showEnvVarsInLog = 0;
		};
		A122E1FE3F65108F0A623670 /* [CP] Check Pods Manifest.lock */ = {
			isa = PBXShellScriptBuildPhase;
			buildActionMask = 2147483647;
			files = (
			);
			inputFileListPaths = (
			);
			inputPaths = (
				"${PODS_PODFILE_DIR_PATH}/Podfile.lock",
				"${PODS_ROOT}/Manifest.lock",
			);
			name = "[CP] Check Pods Manifest.lock";
			outputFileListPaths = (
			);
			outputPaths = (
				"$(DERIVED_FILE_DIR)/Pods-stockSentiments-stockSentimentsUITests-checkManifestLockResult.txt",
			);
			runOnlyForDeploymentPostprocessing = 0;
			shellPath = /bin/sh;
			shellScript = "diff \"${PODS_PODFILE_DIR_PATH}/Podfile.lock\" \"${PODS_ROOT}/Manifest.lock\" > /dev/null\nif [ $? != 0 ] ; then\n    # print error to STDERR\n    echo \"error: The sandbox is not in sync with the Podfile.lock. Run 'pod install' or update your CocoaPods installation.\" >&2\n    exit 1\nfi\n# This output is used by Xcode 'outputs' to avoid re-running this script phase.\necho \"SUCCESS\" > \"${SCRIPT_OUTPUT_FILE_0}\"\n";
			showEnvVarsInLog = 0;
		};
/* End PBXShellScriptBuildPhase section */

/* Begin PBXSourcesBuildPhase section */
		8DE16D272534B4D300D5FBB8 /* Sources */ = {
			isa = PBXSourcesBuildPhase;
			buildActionMask = 2147483647;
			files = (
				8D7EDB8D2543481300A59F10 /* SearchVC.swift in Sources */,
				8D7E2FB92547C42200F98B4A /* SentimentLabel.swift in Sources */,
				8D87D7602547D4A000837DC1 /* RequestSubscribe.swift in Sources */,
				8DE7582C254643C70083993F /* GetWatchlist.swift in Sources */,
				8DE16D332534B4D300D5FBB8 /* MainVC.swift in Sources */,
				8D87D76B2547E66A00837DC1 /* TabBarController.swift in Sources */,
				8D7517252545F7A30017D8CD /* SearchCell.swift in Sources */,
				8D751731254604710017D8CD /* Requests.swift in Sources */,
				8DE16D2F2534B4D300D5FBB8 /* AppDelegate.swift in Sources */,
				8D7EDB882543480600A59F10 /* WatchlistVC.swift in Sources */,
				8D71A3A4254530AD00F1B7EC /* GetTickers.swift in Sources */,
				8DE16D312534B4D300D5FBB8 /* SceneDelegate.swift in Sources */,
				8D7EDB972543482600A59F10 /* SettingsVC.swift in Sources */,
				8D75174E2546287D0017D8CD /* SearchResult.swift in Sources */,
				8D87D75F2547D4A000837DC1 /* RequestUnsubscribe.swift in Sources */,
				8D7EDB83254347CA00A59F10 /* LaunchScreenVC.swift in Sources */,
				8D71A39F254529C700F1B7EC /* User.swift in Sources */,
				8D71A3A92545446200F1B7EC /* SupportedTickers.swift in Sources */,
				8D7517232545F7A30017D8CD /* WatchlistCell.swift in Sources */,
				8D7EDB922543481C00A59F10 /* SentimentVC.swift in Sources */,
				8D7517242545F7A30017D8CD /* Ticker.swift in Sources */,
				8D71A39A254529B100F1B7EC /* Watchlist.swift in Sources */,
				8D7EDB9C2543483200A59F10 /* SubscribeVC.swift in Sources */,
			);
			runOnlyForDeploymentPostprocessing = 0;
		};
		8DE16D3D2534B4D700D5FBB8 /* Sources */ = {
			isa = PBXSourcesBuildPhase;
			buildActionMask = 2147483647;
			files = (
				8DE16D462534B4D700D5FBB8 /* stockSentimentsTests.swift in Sources */,
			);
			runOnlyForDeploymentPostprocessing = 0;
		};
		8DE16D482534B4D700D5FBB8 /* Sources */ = {
			isa = PBXSourcesBuildPhase;
			buildActionMask = 2147483647;
			files = (
				8DE16D512534B4D700D5FBB8 /* stockSentimentsUITests.swift in Sources */,
			);
			runOnlyForDeploymentPostprocessing = 0;
		};
/* End PBXSourcesBuildPhase section */

/* Begin PBXTargetDependency section */
		8DE16D432534B4D700D5FBB8 /* PBXTargetDependency */ = {
			isa = PBXTargetDependency;
			target = 8DE16D2A2534B4D300D5FBB8 /* stockSentiments */;
			targetProxy = 8DE16D422534B4D700D5FBB8 /* PBXContainerItemProxy */;
		};
		8DE16D4E2534B4D700D5FBB8 /* PBXTargetDependency */ = {
			isa = PBXTargetDependency;
			target = 8DE16D2A2534B4D300D5FBB8 /* stockSentiments */;
			targetProxy = 8DE16D4D2534B4D700D5FBB8 /* PBXContainerItemProxy */;
		};
/* End PBXTargetDependency section */

/* Begin PBXVariantGroup section */
		8DE16D342534B4D300D5FBB8 /* Main.storyboard */ = {
			isa = PBXVariantGroup;
			children = (
				8DE16D352534B4D300D5FBB8 /* Base */,
			);
			name = Main.storyboard;
			sourceTree = "<group>";
		};
		8DE16D392534B4D600D5FBB8 /* LaunchScreen.storyboard */ = {
			isa = PBXVariantGroup;
			children = (
				8DE16D3A2534B4D600D5FBB8 /* Base */,
			);
			name = LaunchScreen.storyboard;
			sourceTree = "<group>";
		};
/* End PBXVariantGroup section */

/* Begin XCBuildConfiguration section */
		8DE16D532534B4D700D5FBB8 /* Debug */ = {
			isa = XCBuildConfiguration;
			buildSettings = {
				ALWAYS_SEARCH_USER_PATHS = NO;
				CLANG_ANALYZER_NONNULL = YES;
				CLANG_ANALYZER_NUMBER_OBJECT_CONVERSION = YES_AGGRESSIVE;
				CLANG_CXX_LANGUAGE_STANDARD = "gnu++14";
				CLANG_CXX_LIBRARY = "libc++";
				CLANG_ENABLE_MODULES = YES;
				CLANG_ENABLE_OBJC_ARC = YES;
				CLANG_ENABLE_OBJC_WEAK = YES;
				CLANG_WARN_BLOCK_CAPTURE_AUTORELEASING = YES;
				CLANG_WARN_BOOL_CONVERSION = YES;
				CLANG_WARN_COMMA = YES;
				CLANG_WARN_CONSTANT_CONVERSION = YES;
				CLANG_WARN_DEPRECATED_OBJC_IMPLEMENTATIONS = YES;
				CLANG_WARN_DIRECT_OBJC_ISA_USAGE = YES_ERROR;
				CLANG_WARN_DOCUMENTATION_COMMENTS = YES;
				CLANG_WARN_EMPTY_BODY = YES;
				CLANG_WARN_ENUM_CONVERSION = YES;
				CLANG_WARN_INFINITE_RECURSION = YES;
				CLANG_WARN_INT_CONVERSION = YES;
				CLANG_WARN_NON_LITERAL_NULL_CONVERSION = YES;
				CLANG_WARN_OBJC_IMPLICIT_RETAIN_SELF = YES;
				CLANG_WARN_OBJC_LITERAL_CONVERSION = YES;
				CLANG_WARN_OBJC_ROOT_CLASS = YES_ERROR;
				CLANG_WARN_QUOTED_INCLUDE_IN_FRAMEWORK_HEADER = YES;
				CLANG_WARN_RANGE_LOOP_ANALYSIS = YES;
				CLANG_WARN_STRICT_PROTOTYPES = YES;
				CLANG_WARN_SUSPICIOUS_MOVE = YES;
				CLANG_WARN_UNGUARDED_AVAILABILITY = YES_AGGRESSIVE;
				CLANG_WARN_UNREACHABLE_CODE = YES;
				CLANG_WARN__DUPLICATE_METHOD_MATCH = YES;
				COPY_PHASE_STRIP = NO;
				DEBUG_INFORMATION_FORMAT = dwarf;
				ENABLE_STRICT_OBJC_MSGSEND = YES;
				ENABLE_TESTABILITY = YES;
				GCC_C_LANGUAGE_STANDARD = gnu11;
				GCC_DYNAMIC_NO_PIC = NO;
				GCC_NO_COMMON_BLOCKS = YES;
				GCC_OPTIMIZATION_LEVEL = 0;
				GCC_PREPROCESSOR_DEFINITIONS = (
					"DEBUG=1",
					"$(inherited)",
				);
				GCC_WARN_64_TO_32_BIT_CONVERSION = YES;
				GCC_WARN_ABOUT_RETURN_TYPE = YES_ERROR;
				GCC_WARN_UNDECLARED_SELECTOR = YES;
				GCC_WARN_UNINITIALIZED_AUTOS = YES_AGGRESSIVE;
				GCC_WARN_UNUSED_FUNCTION = YES;
				GCC_WARN_UNUSED_VARIABLE = YES;
				IPHONEOS_DEPLOYMENT_TARGET = 14.0;
				MTL_ENABLE_DEBUG_INFO = INCLUDE_SOURCE;
				MTL_FAST_MATH = YES;
				ONLY_ACTIVE_ARCH = YES;
				SDKROOT = iphoneos;
				SWIFT_ACTIVE_COMPILATION_CONDITIONS = DEBUG;
				SWIFT_OPTIMIZATION_LEVEL = "-Onone";
			};
			name = Debug;
		};
		8DE16D542534B4D700D5FBB8 /* Release */ = {
			isa = XCBuildConfiguration;
			buildSettings = {
				ALWAYS_SEARCH_USER_PATHS = NO;
				CLANG_ANALYZER_NONNULL = YES;
				CLANG_ANALYZER_NUMBER_OBJECT_CONVERSION = YES_AGGRESSIVE;
				CLANG_CXX_LANGUAGE_STANDARD = "gnu++14";
				CLANG_CXX_LIBRARY = "libc++";
				CLANG_ENABLE_MODULES = YES;
				CLANG_ENABLE_OBJC_ARC = YES;
				CLANG_ENABLE_OBJC_WEAK = YES;
				CLANG_WARN_BLOCK_CAPTURE_AUTORELEASING = YES;
				CLANG_WARN_BOOL_CONVERSION = YES;
				CLANG_WARN_COMMA = YES;
				CLANG_WARN_CONSTANT_CONVERSION = YES;
				CLANG_WARN_DEPRECATED_OBJC_IMPLEMENTATIONS = YES;
				CLANG_WARN_DIRECT_OBJC_ISA_USAGE = YES_ERROR;
				CLANG_WARN_DOCUMENTATION_COMMENTS = YES;
				CLANG_WARN_EMPTY_BODY = YES;
				CLANG_WARN_ENUM_CONVERSION = YES;
				CLANG_WARN_INFINITE_RECURSION = YES;
				CLANG_WARN_INT_CONVERSION = YES;
				CLANG_WARN_NON_LITERAL_NULL_CONVERSION = YES;
				CLANG_WARN_OBJC_IMPLICIT_RETAIN_SELF = YES;
				CLANG_WARN_OBJC_LITERAL_CONVERSION = YES;
				CLANG_WARN_OBJC_ROOT_CLASS = YES_ERROR;
				CLANG_WARN_QUOTED_INCLUDE_IN_FRAMEWORK_HEADER = YES;
				CLANG_WARN_RANGE_LOOP_ANALYSIS = YES;
				CLANG_WARN_STRICT_PROTOTYPES = YES;
				CLANG_WARN_SUSPICIOUS_MOVE = YES;
				CLANG_WARN_UNGUARDED_AVAILABILITY = YES_AGGRESSIVE;
				CLANG_WARN_UNREACHABLE_CODE = YES;
				CLANG_WARN__DUPLICATE_METHOD_MATCH = YES;
				COPY_PHASE_STRIP = NO;
				DEBUG_INFORMATION_FORMAT = "dwarf-with-dsym";
				ENABLE_NS_ASSERTIONS = NO;
				ENABLE_STRICT_OBJC_MSGSEND = YES;
				GCC_C_LANGUAGE_STANDARD = gnu11;
				GCC_NO_COMMON_BLOCKS = YES;
				GCC_WARN_64_TO_32_BIT_CONVERSION = YES;
				GCC_WARN_ABOUT_RETURN_TYPE = YES_ERROR;
				GCC_WARN_UNDECLARED_SELECTOR = YES;
				GCC_WARN_UNINITIALIZED_AUTOS = YES_AGGRESSIVE;
				GCC_WARN_UNUSED_FUNCTION = YES;
				GCC_WARN_UNUSED_VARIABLE = YES;
				IPHONEOS_DEPLOYMENT_TARGET = 14.0;
				MTL_ENABLE_DEBUG_INFO = NO;
				MTL_FAST_MATH = YES;
				SDKROOT = iphoneos;
				SWIFT_COMPILATION_MODE = wholemodule;
				SWIFT_OPTIMIZATION_LEVEL = "-O";
				VALIDATE_PRODUCT = YES;
			};
			name = Release;
		};
		8DE16D562534B4D700D5FBB8 /* Debug */ = {
			isa = XCBuildConfiguration;
			baseConfigurationReference = 71C3FDD175688FA8F335635A /* Pods-stockSentiments.debug.xcconfig */;
			buildSettings = {
				ASSETCATALOG_COMPILER_APPICON_NAME = AppIcon;
				ASSETCATALOG_COMPILER_GLOBAL_ACCENT_COLOR_NAME = AccentColor;
				CODE_SIGN_STYLE = Automatic;
				DEVELOPMENT_TEAM = 372829VK29;
				INFOPLIST_FILE = stockSentiments/Info.plist;
				IPHONEOS_DEPLOYMENT_TARGET = 14.1;
				LD_RUNPATH_SEARCH_PATHS = (
					"$(inherited)",
					"@executable_path/Frameworks",
				);
				PRODUCT_BUNDLE_IDENTIFIER = edu.umich.ibhuiyan.stockSentiments;
				PRODUCT_NAME = "$(TARGET_NAME)";
				SWIFT_VERSION = 5.0;
				TARGETED_DEVICE_FAMILY = "1,2";
			};
			name = Debug;
		};
		8DE16D572534B4D700D5FBB8 /* Release */ = {
			isa = XCBuildConfiguration;
			baseConfigurationReference = F9C9F2504E0BD616C060F241 /* Pods-stockSentiments.release.xcconfig */;
			buildSettings = {
				ASSETCATALOG_COMPILER_APPICON_NAME = AppIcon;
				ASSETCATALOG_COMPILER_GLOBAL_ACCENT_COLOR_NAME = AccentColor;
				CODE_SIGN_STYLE = Automatic;
				DEVELOPMENT_TEAM = 372829VK29;
				INFOPLIST_FILE = stockSentiments/Info.plist;
				IPHONEOS_DEPLOYMENT_TARGET = 14.1;
				LD_RUNPATH_SEARCH_PATHS = (
					"$(inherited)",
					"@executable_path/Frameworks",
				);
				PRODUCT_BUNDLE_IDENTIFIER = edu.umich.ibhuiyan.stockSentiments;
				PRODUCT_NAME = "$(TARGET_NAME)";
				SWIFT_VERSION = 5.0;
				TARGETED_DEVICE_FAMILY = "1,2";
			};
			name = Release;
		};
		8DE16D592534B4D700D5FBB8 /* Debug */ = {
			isa = XCBuildConfiguration;
			baseConfigurationReference = 8D1FA7312E6BD2B1FD932D2B /* Pods-stockSentimentsTests.debug.xcconfig */;
			buildSettings = {
				ALWAYS_EMBED_SWIFT_STANDARD_LIBRARIES = YES;
				BUNDLE_LOADER = "$(TEST_HOST)";
				CODE_SIGN_STYLE = Automatic;
				INFOPLIST_FILE = stockSentimentsTests/Info.plist;
				IPHONEOS_DEPLOYMENT_TARGET = 14.0;
				LD_RUNPATH_SEARCH_PATHS = (
					"$(inherited)",
					"@executable_path/Frameworks",
					"@loader_path/Frameworks",
				);
				PRODUCT_BUNDLE_IDENTIFIER = edu.umich.ibhuiyan.stockSentimentsTests;
				PRODUCT_NAME = "$(TARGET_NAME)";
				SWIFT_VERSION = 5.0;
				TARGETED_DEVICE_FAMILY = "1,2";
				TEST_HOST = "$(BUILT_PRODUCTS_DIR)/stockSentiments.app/stockSentiments";
			};
			name = Debug;
		};
		8DE16D5A2534B4D700D5FBB8 /* Release */ = {
			isa = XCBuildConfiguration;
			baseConfigurationReference = C9C6198252DE5BA5CF4D2E83 /* Pods-stockSentimentsTests.release.xcconfig */;
			buildSettings = {
				ALWAYS_EMBED_SWIFT_STANDARD_LIBRARIES = YES;
				BUNDLE_LOADER = "$(TEST_HOST)";
				CODE_SIGN_STYLE = Automatic;
				INFOPLIST_FILE = stockSentimentsTests/Info.plist;
				IPHONEOS_DEPLOYMENT_TARGET = 14.0;
				LD_RUNPATH_SEARCH_PATHS = (
					"$(inherited)",
					"@executable_path/Frameworks",
					"@loader_path/Frameworks",
				);
				PRODUCT_BUNDLE_IDENTIFIER = edu.umich.ibhuiyan.stockSentimentsTests;
				PRODUCT_NAME = "$(TARGET_NAME)";
				SWIFT_VERSION = 5.0;
				TARGETED_DEVICE_FAMILY = "1,2";
				TEST_HOST = "$(BUILT_PRODUCTS_DIR)/stockSentiments.app/stockSentiments";
			};
			name = Release;
		};
		8DE16D5C2534B4D700D5FBB8 /* Debug */ = {
			isa = XCBuildConfiguration;
			baseConfigurationReference = 277C5339D0FD19D17C2C9ED5 /* Pods-stockSentiments-stockSentimentsUITests.debug.xcconfig */;
			buildSettings = {
				ALWAYS_EMBED_SWIFT_STANDARD_LIBRARIES = YES;
				CODE_SIGN_STYLE = Automatic;
				INFOPLIST_FILE = stockSentimentsUITests/Info.plist;
				LD_RUNPATH_SEARCH_PATHS = (
					"$(inherited)",
					"@executable_path/Frameworks",
					"@loader_path/Frameworks",
				);
				PRODUCT_BUNDLE_IDENTIFIER = edu.umich.ibhuiyan.stockSentimentsUITests;
				PRODUCT_NAME = "$(TARGET_NAME)";
				SWIFT_VERSION = 5.0;
				TARGETED_DEVICE_FAMILY = "1,2";
				TEST_TARGET_NAME = stockSentiments;
			};
			name = Debug;
		};
		8DE16D5D2534B4D700D5FBB8 /* Release */ = {
			isa = XCBuildConfiguration;
			baseConfigurationReference = 96BC1A62037218FD57DA028F /* Pods-stockSentiments-stockSentimentsUITests.release.xcconfig */;
			buildSettings = {
				ALWAYS_EMBED_SWIFT_STANDARD_LIBRARIES = YES;
				CODE_SIGN_STYLE = Automatic;
				INFOPLIST_FILE = stockSentimentsUITests/Info.plist;
				LD_RUNPATH_SEARCH_PATHS = (
					"$(inherited)",
					"@executable_path/Frameworks",
					"@loader_path/Frameworks",
				);
				PRODUCT_BUNDLE_IDENTIFIER = edu.umich.ibhuiyan.stockSentimentsUITests;
				PRODUCT_NAME = "$(TARGET_NAME)";
				SWIFT_VERSION = 5.0;
				TARGETED_DEVICE_FAMILY = "1,2";
				TEST_TARGET_NAME = stockSentiments;
			};
			name = Release;
		};
/* End XCBuildConfiguration section */

/* Begin XCConfigurationList section */
		8DE16D262534B4D300D5FBB8 /* Build configuration list for PBXProject "stockSentiments" */ = {
			isa = XCConfigurationList;
			buildConfigurations = (
				8DE16D532534B4D700D5FBB8 /* Debug */,
				8DE16D542534B4D700D5FBB8 /* Release */,
			);
			defaultConfigurationIsVisible = 0;
			defaultConfigurationName = Release;
		};
		8DE16D552534B4D700D5FBB8 /* Build configuration list for PBXNativeTarget "stockSentiments" */ = {
			isa = XCConfigurationList;
			buildConfigurations = (
				8DE16D562534B4D700D5FBB8 /* Debug */,
				8DE16D572534B4D700D5FBB8 /* Release */,
			);
			defaultConfigurationIsVisible = 0;
			defaultConfigurationName = Release;
		};
		8DE16D582534B4D700D5FBB8 /* Build configuration list for PBXNativeTarget "stockSentimentsTests" */ = {
			isa = XCConfigurationList;
			buildConfigurations = (
				8DE16D592534B4D700D5FBB8 /* Debug */,
				8DE16D5A2534B4D700D5FBB8 /* Release */,
			);
			defaultConfigurationIsVisible = 0;
			defaultConfigurationName = Release;
		};
		8DE16D5B2534B4D700D5FBB8 /* Build configuration list for PBXNativeTarget "stockSentimentsUITests" */ = {
			isa = XCConfigurationList;
			buildConfigurations = (
				8DE16D5C2534B4D700D5FBB8 /* Debug */,
				8DE16D5D2534B4D700D5FBB8 /* Release */,
			);
			defaultConfigurationIsVisible = 0;
			defaultConfigurationName = Release;
		};
/* End XCConfigurationList section */
	};
	rootObject = 8DE16D232534B4D300D5FBB8 /* Project object */;
}
